
Microsoft Visual Studio Solution File, Format Version 12.00
# Visual Studio Version 16
VisualStudioVersion = 16.0.30523.141
MinimumVisualStudioVersion = 10.0.40219.1
Project("{FAE04EC0-301F-11D3-BF4B-00C04F79EFBC}") = "DBADM_Activos", "DBADM_Activos\DBADM_Activos.csproj", "{4D46EBF2-4134-4B11-86E6-D7C0AB28EADE}"
	ProjectSection(ProjectDependencies) = postProject
		{116AE086-F49D-4625-A29A-E18B953404DD} = {116AE086-F49D-4625-A29A-E18B953404DD}
	EndProjectSection
EndProject
Project("{FAE04EC0-301F-11D3-BF4B-00C04F79EFBC}") = "WCF_DBADM", "WCF_DBADM\WCF_DBADM.csproj", "{116AE086-F49D-4625-A29A-E18B953404DD}"
EndProject
Global
	GlobalSection(SolutionConfigurationPlatforms) = preSolution
		Debug|Any CPU = Debug|Any CPU
		Release|Any CPU = Release|Any CPU
	EndGlobalSection
	GlobalSection(ProjectConfigurationPlatforms) = postSolution
		{4D46EBF2-4134-4B11-86E6-D7C0AB28EADE}.Debug|Any CPU.ActiveCfg = Debug|Any CPU
		{4D46EBF2-4134-4B11-86E6-D7C0AB28EADE}.Debug|Any CPU.Build.0 = Debug|Any CPU
		{4D46EBF2-4134-4B11-86E6-D7C0AB28EADE}.Release|Any CPU.ActiveCfg = Release|Any CPU
		{4D46EBF2-4134-4B11-86E6-D7C0AB28EADE}.Release|Any CPU.Build.0 = Release|Any CPU
		{116AE086-F49D-4625-A29A-E18B953404DD}.Debug|Any CPU.ActiveCfg = Debug|Any CPU
		{116AE086-F49D-4625-A29A-E18B953404DD}.Debug|Any CPU.Build.0 = Debug|Any CPU
		{116AE086-F49D-4625-A29A-E18B953404DD}.Release|Any CPU.ActiveCfg = Release|Any CPU
		{116AE086-F49D-4625-A29A-E18B953404DD}.Release|Any CPU.Build.0 = Release|Any CPU
	EndGlobalSection
	GlobalSection(SolutionProperties) = preSolution
		HideSolutionNode = FALSE
	EndGlobalSection
	GlobalSection(ExtensibilityGlobals) = postSolution
		SolutionGuid = {45DF3570-5B2E-469C-BBD8-06BE207EA321}
	EndGlobalSection
EndGlobal
